<?xml version="1.0" encoding="utf-8"?>
<Project ToolsVersion="4.0" xmlns="http://schemas.microsoft.com/developer/msbuild/2003">
  <ItemGroup>
    <ClCompile Include="file_watcher.cpp">
      <Filter>file_watcher</Filter>
    </ClCompile>
    <ClCompile Include="LuaInterface.cpp">
      <Filter>Lua\LuaInterface</Filter>
    </ClCompile>
    <ClCompile Include="LuaManager.cpp">
      <Filter>Lua\LualManager</Filter>
    </ClCompile>
    <ClCompile Include="LuaState.cpp">
      <Filter>Lua\LuaState</Filter>
    </ClCompile>
    <ClCompile Include="ScriptFunctions.cpp">
      <Filter>ScriptFunctions</Filter>
    </ClCompile>
    <ClCompile Include="LuaArgument.cpp">
      <Filter>Lua\LuaArgument</Filter>
    </ClCompile>
    <ClCompile Include="LuaArguments.cpp" />
    <ClCompile Include="LuaStateHelper.cpp" />
  </ItemGroup>
  <ItemGroup>
    <ClInclude Include="file_watcher.h">
      <Filter>file_watcher</Filter>
    </ClInclude>
    <ClInclude Include="LuaInterface.h">
      <Filter>Lua\LuaInterface</Filter>
    </ClInclude>
    <ClInclude Include="LuaManager.h">
      <Filter>Lua\LualManager</Filter>
    </ClInclude>
    <ClInclude Include="LuaState.h">
      <Filter>Lua\LuaState</Filter>
    </ClInclude>
    <ClInclude Include="ScriptFunctions.h">
      <Filter>ScriptFunctions</Filter>
    </ClInclude>
    <ClInclude Include="FunctionInformation.h">
      <Filter>Lua</Filter>
    </ClInclude>
    <ClInclude Include="LuaArgument.h">
      <Filter>Lua\LuaArgument</Filter>
    </ClInclude>
    <ClInclude Include="LuaArguments.h" />
    <ClInclude Include="LuaStateHelper.h" />
  </ItemGroup>
  <ItemGroup>
    <Filter Include="file_watcher">
      <UniqueIdentifier>{36808552-5e30-4318-be38-eac609dfaad6}</UniqueIdentifier>
    </Filter>
    <Filter Include="ScriptFunctions">
      <UniqueIdentifier>{b3506c45-862d-4480-bfa8-3ce88119bdd2}</UniqueIdentifier>
    </Filter>
    <Filter Include="Lua">
      <UniqueIdentifier>{7fad3cb6-5b39-40db-855b-483c0abb7492}</UniqueIdentifier>
    </Filter>
    <Filter Include="Lua\LuaState">
      <UniqueIdentifier>{eadd36d6-e197-44bd-9d55-8bf15ca2f17a}</UniqueIdentifier>
    </Filter>
    <Filter Include="Lua\LualManager">
      <UniqueIdentifier>{5d2d8a70-3660-401a-beda-524231c0529d}</UniqueIdentifier>
    </Filter>
    <Filter Include="Lua\LuaInterface">
      <UniqueIdentifier>{577a3a78-f371-47e1-b377-b86b55d99c15}</UniqueIdentifier>
    </Filter>
    <Filter Include="Lua\LuaArgument">
      <UniqueIdentifier>{92d14ca8-228b-4a40-b335-676ebd523274}</UniqueIdentifier>
    </Filter>
  </ItemGroup>
</Project>